// !$*UTF8*$!
{
	archiveVersion = 1;
	classes = {
	};
	objectVersion = 50;
	objects = {

/* Begin PBXBuildFile section */
		DD5890B7224AB9BA0027AC07 /* AppDelegate.m in Sources */ = {isa = PBXBuildFile; fileRef = DD5890B6224AB9BA0027AC07 /* AppDelegate.m */; };
		DD5890BD224AB9BA0027AC07 /* Main.storyboard in Resources */ = {isa = PBXBuildFile; fileRef = DD5890BB224AB9BA0027AC07 /* Main.storyboard */; };
		DD5890BF224AB9BC0027AC07 /* Assets.xcassets in Resources */ = {isa = PBXBuildFile; fileRef = DD5890BE224AB9BC0027AC07 /* Assets.xcassets */; };
		DD5890C2224AB9BC0027AC07 /* LaunchScreen.storyboard in Resources */ = {isa = PBXBuildFile; fileRef = DD5890C0224AB9BC0027AC07 /* LaunchScreen.storyboard */; };
		DD5890C5224AB9BC0027AC07 /* main.m in Sources */ = {isa = PBXBuildFile; fileRef = DD5890C4224AB9BC0027AC07 /* main.m */; };
		DD5890CD224ABB7A0027AC07 /* SWGCard.m in Sources */ = {isa = PBXBuildFile; fileRef = DD5890CC224ABB7A0027AC07 /* SWGCard.m */; };
		DD5890D1224ABFA30027AC07 /* SWGCardController.m in Sources */ = {isa = PBXBuildFile; fileRef = DD5890D0224ABFA30027AC07 /* SWGCardController.m */; };
		DD5890D6224AD0320027AC07 /* CardDeckViewController.m in Sources */ = {isa = PBXBuildFile; fileRef = DD5890D5224AD0320027AC07 /* CardDeckViewController.m */; };
/* End PBXBuildFile section */

/* Begin PBXFileReference section */
		DD5890B2224AB9BA0027AC07 /* CardDeckObjecC.app */ = {isa = PBXFileReference; explicitFileType = wrapper.application; includeInIndex = 0; path = CardDeckObjecC.app; sourceTree = BUILT_PRODUCTS_DIR; };
		DD5890B5224AB9BA0027AC07 /* AppDelegate.h */ = {isa = PBXFileReference; lastKnownFileType = sourcecode.c.h; path = AppDelegate.h; sourceTree = "<group>"; };
		DD5890B6224AB9BA0027AC07 /* AppDelegate.m */ = {isa = PBXFileReference; lastKnownFileType = sourcecode.c.objc; path = AppDelegate.m; sourceTree = "<group>"; };
		DD5890BC224AB9BA0027AC07 /* Base */ = {isa = PBXFileReference; lastKnownFileType = file.storyboard; name = Base; path = Base.lproj/Main.storyboard; sourceTree = "<group>"; };
		DD5890BE224AB9BC0027AC07 /* Assets.xcassets */ = {isa = PBXFileReference; lastKnownFileType = folder.assetcatalog; path = Assets.xcassets; sourceTree = "<group>"; };
		DD5890C1224AB9BC0027AC07 /* Base */ = {isa = PBXFileReference; lastKnownFileType = file.storyboard; name = Base; path = Base.lproj/LaunchScreen.storyboard; sourceTree = "<group>"; };
		DD5890C3224AB9BC0027AC07 /* Info.plist */ = {isa = PBXFileReference; lastKnownFileType = text.plist.xml; path = Info.plist; sourceTree = "<group>"; };
		DD5890C4224AB9BC0027AC07 /* main.m */ = {isa = PBXFileReference; lastKnownFileType = sourcecode.c.objc; path = main.m; sourceTree = "<group>"; };
		DD5890CB224ABB7A0027AC07 /* SWGCard.h */ = {isa = PBXFileReference; lastKnownFileType = sourcecode.c.h; path = SWGCard.h; sourceTree = "<group>"; };
		DD5890CC224ABB7A0027AC07 /* SWGCard.m */ = {isa = PBXFileReference; lastKnownFileType = sourcecode.c.objc; path = SWGCard.m; sourceTree = "<group>"; };
		DD5890CF224ABFA30027AC07 /* SWGCardController.h */ = {isa = PBXFileReference; lastKnownFileType = sourcecode.c.h; path = SWGCardController.h; sourceTree = "<group>"; };
		DD5890D0224ABFA30027AC07 /* SWGCardController.m */ = {isa = PBXFileReference; lastKnownFileType = sourcecode.c.objc; path = SWGCardController.m; sourceTree = "<group>"; };
		DD5890D4224AD0320027AC07 /* CardDeckViewController.h */ = {isa = PBXFileReference; lastKnownFileType = sourcecode.c.h; path = CardDeckViewController.h; sourceTree = "<group>"; };
		DD5890D5224AD0320027AC07 /* CardDeckViewController.m */ = {isa = PBXFileReference; lastKnownFileType = sourcecode.c.objc; path = CardDeckViewController.m; sourceTree = "<group>"; };
/* End PBXFileReference section */

/* Begin PBXFrameworksBuildPhase section */
		DD5890AF224AB9BA0027AC07 /* Frameworks */ = {
			isa = PBXFrameworksBuildPhase;
			buildActionMask = 2147483647;
			files = (
			);
			runOnlyForDeploymentPostprocessing = 0;
		};
/* End PBXFrameworksBuildPhase section */

/* Begin PBXGroup section */
		DD5890A9224AB9BA0027AC07 = {
			isa = PBXGroup;
			children = (
				DD5890B4224AB9BA0027AC07 /* CardDeckObjecC */,
				DD5890B3224AB9BA0027AC07 /* Products */,
			);
			sourceTree = "<group>";
		};
		DD5890B3224AB9BA0027AC07 /* Products */ = {
			isa = PBXGroup;
			children = (
				DD5890B2224AB9BA0027AC07 /* CardDeckObjecC.app */,
			);
			name = Products;
			sourceTree = "<group>";
		};
		DD5890B4224AB9BA0027AC07 /* CardDeckObjecC */ = {
			isa = PBXGroup;
			children = (
				DD5890B5224AB9BA0027AC07 /* AppDelegate.h */,
				DD5890B6224AB9BA0027AC07 /* AppDelegate.m */,
				DD5890D4224AD0320027AC07 /* CardDeckViewController.h */,
				DD5890D5224AD0320027AC07 /* CardDeckViewController.m */,
				DD5890BB224AB9BA0027AC07 /* Main.storyboard */,
				DD5890D3224ACB650027AC07 /* ModelController */,
				DD5890CE224ABF850027AC07 /* Model */,
				DD5890BE224AB9BC0027AC07 /* Assets.xcassets */,
				DD5890C0224AB9BC0027AC07 /* LaunchScreen.storyboard */,
				DD5890C3224AB9BC0027AC07 /* Info.plist */,
				DD5890C4224AB9BC0027AC07 /* main.m */,
			);
			path = CardDeckObjecC;
			sourceTree = "<group>";
		};
		DD5890CE224ABF850027AC07 /* Model */ = {
			isa = PBXGroup;
			children = (
				DD5890CB224ABB7A0027AC07 /* SWGCard.h */,
				DD5890CC224ABB7A0027AC07 /* SWGCard.m */,
			);
			path = Model;
			sourceTree = "<group>";
		};
		DD5890D3224ACB650027AC07 /* ModelController */ = {
			isa = PBXGroup;
			children = (
				DD5890CF224ABFA30027AC07 /* SWGCardController.h */,
				DD5890D0224ABFA30027AC07 /* SWGCardController.m */,
			);
			path = ModelController;
			sourceTree = "<group>";
		};
/* End PBXGroup section */

/* Begin PBXNativeTarget section */
		DD5890B1224AB9BA0027AC07 /* CardDeckObjecC */ = {
			isa = PBXNativeTarget;
			buildConfigurationList = DD5890C8224AB9BC0027AC07 /* Build configuration list for PBXNativeTarget "CardDeckObjecC" */;
			buildPhases = (
				DD5890AE224AB9BA0027AC07 /* Sources */,
				DD5890AF224AB9BA0027AC07 /* Frameworks */,
				DD5890B0224AB9BA0027AC07 /* Resources */,
			);
			buildRules = (
			);
			dependencies = (
			);
			name = CardDeckObjecC;
			productName = CardDeckObjecC;
			productReference = DD5890B2224AB9BA0027AC07 /* CardDeckObjecC.app */;
			productType = "com.apple.product-type.application";
		};
/* End PBXNativeTarget section */

/* Begin PBXProject section */
		DD5890AA224AB9BA0027AC07 /* Project object */ = {
			isa = PBXProject;
			attributes = {
				LastUpgradeCheck = 1010;
				ORGANIZATIONNAME = "shelby gold";
				TargetAttributes = {
					DD5890B1224AB9BA0027AC07 = {
						CreatedOnToolsVersion = 10.1;
					};
				};
			};
			buildConfigurationList = DD5890AD224AB9BA0027AC07 /* Build configuration list for PBXProject "CardDeckObjecC" */;
			compatibilityVersion = "Xcode 9.3";
			developmentRegion = en;
			hasScannedForEncodings = 0;
			knownRegions = (
				en,
				Base,
			);
			mainGroup = DD5890A9224AB9BA0027AC07;
			productRefGroup = DD5890B3224AB9BA0027AC07 /* Products */;
			projectDirPath = "";
			projectRoot = "";
			targets = (
				DD5890B1224AB9BA0027AC07 /* CardDeckObjecC */,
			);
		};
/* End PBXProject section */

/* Begin PBXResourcesBuildPhase section */
		DD5890B0224AB9BA0027AC07 /* Resources */ = {
			isa = PBXResourcesBuildPhase;
			buildActionMask = 2147483647;
			files = (
				DD5890C2224AB9BC0027AC07 /* LaunchScreen.storyboard in Resources */,
				DD5890BF224AB9BC0027AC07 /* Assets.xcassets in Resources */,
				DD5890BD224AB9BA0027AC07 /* Main.storyboard in Resources */,
			);
			runOnlyForDeploymentPostprocessing = 0;
		};
/* End PBXResourcesBuildPhase section */

/* Begin PBXSourcesBuildPhase section */
		DD5890AE224AB9BA0027AC07 /* Sources */ = {
			isa = PBXSourcesBuildPhase;
			buildActionMask = 2147483647;
			files = (
				DD5890C5224AB9BC0027AC07 /* main.m in Sources */,
				DD5890B7224AB9BA0027AC07 /* AppDelegate.m in Sources */,
				DD5890CD224ABB7A0027AC07 /* SWGCard.m in Sources */,
				DD5890D1224ABFA30027AC07 /* SWGCardController.m in Sources */,
				DD5890D6224AD0320027AC07 /* CardDeckViewController.m in Sources */,
			);
			runOnlyForDeploymentPostprocessing = 0;
		};
/* End PBXSourcesBuildPhase section */

/* Begin PBXVariantGroup section */
		DD5890BB224AB9BA0027AC07 /* Main.storyboard */ = {
			isa = PBXVariantGroup;
			children = (
				DD5890BC224AB9BA0027AC07 /* Base */,
			);
			name = Main.storyboard;
			sourceTree = "<group>";
		};
		DD5890C0224AB9BC0027AC07 /* LaunchScreen.storyboard */ = {
			isa = PBXVariantGroup;
			children = (
				DD5890C1224AB9BC0027AC07 /* Base */,
			);
			name = LaunchScreen.storyboard;
			sourceTree = "<group>";
		};
/* End PBXVariantGroup section */

/* Begin XCBuildConfiguration section */
		DD5890C6224AB9BC0027AC07 /* Debug */ = {
			isa = XCBuildConfiguration;
			buildSettings = {
				ALWAYS_SEARCH_USER_PATHS = NO;
				CLANG_ANALYZER_NONNULL = YES;
				CLANG_ANALYZER_NUMBER_OBJECT_CONVERSION = YES_AGGRESSIVE;
				CLANG_CXX_LANGUAGE_STANDARD = "gnu++14";
				CLANG_CXX_LIBRARY = "libc++";
				CLANG_ENABLE_MODULES = YES;
				CLANG_ENABLE_OBJC_ARC = YES;
				CLANG_ENABLE_OBJC_WEAK = YES;
				CLANG_WARN_BLOCK_CAPTURE_AUTORELEASING = YES;
				CLANG_WARN_BOOL_CONVERSION = YES;
				CLANG_WARN_COMMA = YES;
				CLANG_WARN_CONSTANT_CONVERSION = YES;
				CLANG_WARN_DEPRECATED_OBJC_IMPLEMENTATIONS = YES;
				CLANG_WARN_DIRECT_OBJC_ISA_USAGE = YES_ERROR;
				CLANG_WARN_DOCUMENTATION_COMMENTS = YES;
				CLANG_WARN_EMPTY_BODY = YES;
				CLANG_WARN_ENUM_CONVERSION = YES;
				CLANG_WARN_INFINITE_RECURSION = YES;
				CLANG_WARN_INT_CONVERSION = YES;
				CLANG_WARN_NON_LITERAL_NULL_CONVERSION = YES;
				CLANG_WARN_OBJC_IMPLICIT_RETAIN_SELF = YES;
				CLANG_WARN_OBJC_LITERAL_CONVERSION = YES;
				CLANG_WARN_OBJC_ROOT_CLASS = YES_ERROR;
				CLANG_WARN_RANGE_LOOP_ANALYSIS = YES;
				CLANG_WARN_STRICT_PROTOTYPES = YES;
				CLANG_WARN_SUSPICIOUS_MOVE = YES;
				CLANG_WARN_UNGUARDED_AVAILABILITY = YES_AGGRESSIVE;
				CLANG_WARN_UNREACHABLE_CODE = YES;
				CLANG_WARN__DUPLICATE_METHOD_MATCH = YES;
				CODE_SIGN_IDENTITY = "iPhone Developer";
				COPY_PHASE_STRIP = NO;
				DEBUG_INFORMATION_FORMAT = dwarf;
				ENABLE_STRICT_OBJC_MSGSEND = YES;
				ENABLE_TESTABILITY = YES;
				GCC_C_LANGUAGE_STANDARD = gnu11;
				GCC_DYNAMIC_NO_PIC = NO;
				GCC_NO_COMMON_BLOCKS = YES;
				GCC_OPTIMIZATION_LEVEL = 0;
				GCC_PREPROCESSOR_DEFINITIONS = (
					"DEBUG=1",
					"$(inherited)",
				);
				GCC_WARN_64_TO_32_BIT_CONVERSION = YES;
				GCC_WARN_ABOUT_RETURN_TYPE = YES_ERROR;
				GCC_WARN_UNDECLARED_SELECTOR = YES;
				GCC_WARN_UNINITIALIZED_AUTOS = YES_AGGRESSIVE;
				GCC_WARN_UNUSED_FUNCTION = YES;
				GCC_WARN_UNUSED_VARIABLE = YES;
				IPHONEOS_DEPLOYMENT_TARGET = 12.1;
				MTL_ENABLE_DEBUG_INFO = INCLUDE_SOURCE;
				MTL_FAST_MATH = YES;
				ONLY_ACTIVE_ARCH = YES;
				SDKROOT = iphoneos;
			};
			name = Debug;
		};
		DD5890C7224AB9BC0027AC07 /* Release */ = {
			isa = XCBuildConfiguration;
			buildSettings = {
				ALWAYS_SEARCH_USER_PATHS = NO;
				CLANG_ANALYZER_NONNULL = YES;
				CLANG_ANALYZER_NUMBER_OBJECT_CONVERSION = YES_AGGRESSIVE;
				CLANG_CXX_LANGUAGE_STANDARD = "gnu++14";
				CLANG_CXX_LIBRARY = "libc++";
				CLANG_ENABLE_MODULES = YES;
				CLANG_ENABLE_OBJC_ARC = YES;
				CLANG_ENABLE_OBJC_WEAK = YES;
				CLANG_WARN_BLOCK_CAPTURE_AUTORELEASING = YES;
				CLANG_WARN_BOOL_CONVERSION = YES;
				CLANG_WARN_COMMA = YES;
				CLANG_WARN_CONSTANT_CONVERSION = YES;
				CLANG_WARN_DEPRECATED_OBJC_IMPLEMENTATIONS = YES;
				CLANG_WARN_DIRECT_OBJC_ISA_USAGE = YES_ERROR;
				CLANG_WARN_DOCUMENTATION_COMMENTS = YES;
				CLANG_WARN_EMPTY_BODY = YES;
				CLANG_WARN_ENUM_CONVERSION = YES;
				CLANG_WARN_INFINITE_RECURSION = YES;
				CLANG_WARN_INT_CONVERSION = YES;
				CLANG_WARN_NON_LITERAL_NULL_CONVERSION = YES;
				CLANG_WARN_OBJC_IMPLICIT_RETAIN_SELF = YES;
				CLANG_WARN_OBJC_LITERAL_CONVERSION = YES;
				CLANG_WARN_OBJC_ROOT_CLASS = YES_ERROR;
				CLANG_WARN_RANGE_LOOP_ANALYSIS = YES;
				CLANG_WARN_STRICT_PROTOTYPES = YES;
				CLANG_WARN_SUSPICIOUS_MOVE = YES;
				CLANG_WARN_UNGUARDED_AVAILABILITY = YES_AGGRESSIVE;
				CLANG_WARN_UNREACHABLE_CODE = YES;
				CLANG_WARN__DUPLICATE_METHOD_MATCH = YES;
				CODE_SIGN_IDENTITY = "iPhone Developer";
				COPY_PHASE_STRIP = NO;
				DEBUG_INFORMATION_FORMAT = "dwarf-with-dsym";
				ENABLE_NS_ASSERTIONS = NO;
				ENABLE_STRICT_OBJC_MSGSEND = YES;
				GCC_C_LANGUAGE_STANDARD = gnu11;
				GCC_NO_COMMON_BLOCKS = YES;
				GCC_WARN_64_TO_32_BIT_CONVERSION = YES;
				GCC_WARN_ABOUT_RETURN_TYPE = YES_ERROR;
				GCC_WARN_UNDECLARED_SELECTOR = YES;
				GCC_WARN_UNINITIALIZED_AUTOS = YES_AGGRESSIVE;
				GCC_WARN_UNUSED_FUNCTION = YES;
				GCC_WARN_UNUSED_VARIABLE = YES;
				IPHONEOS_DEPLOYMENT_TARGET = 12.1;
				MTL_ENABLE_DEBUG_INFO = NO;
				MTL_FAST_MATH = YES;
				SDKROOT = iphoneos;
				VALIDATE_PRODUCT = YES;
			};
			name = Release;
		};
		DD5890C9224AB9BC0027AC07 /* Debug */ = {
			isa = XCBuildConfiguration;
			buildSettings = {
				ASSETCATALOG_COMPILER_APPICON_NAME = AppIcon;
				CODE_SIGN_STYLE = Automatic;
				DEVELOPMENT_TEAM = UWK99QK89X;
				INFOPLIST_FILE = CardDeckObjecC/Info.plist;
				LD_RUNPATH_SEARCH_PATHS = (
					"$(inherited)",
					"@executable_path/Frameworks",
				);
				PRODUCT_BUNDLE_IDENTIFIER = myapps.CardDeckObjecC;
				PRODUCT_NAME = "$(TARGET_NAME)";
				TARGETED_DEVICE_FAMILY = "1,2";
			};
			name = Debug;
		};
		DD5890CA224AB9BC0027AC07 /* Release */ = {
			isa = XCBuildConfiguration;
			buildSettings = {
				ASSETCATALOG_COMPILER_APPICON_NAME = AppIcon;
				CODE_SIGN_STYLE = Automatic;
				DEVELOPMENT_TEAM = UWK99QK89X;
				INFOPLIST_FILE = CardDeckObjecC/Info.plist;
				LD_RUNPATH_SEARCH_PATHS = (
					"$(inherited)",
					"@executable_path/Frameworks",
				);
				PRODUCT_BUNDLE_IDENTIFIER = myapps.CardDeckObjecC;
				PRODUCT_NAME = "$(TARGET_NAME)";
				TARGETED_DEVICE_FAMILY = "1,2";
			};
			name = Release;
		};
/* End XCBuildConfiguration section */

/* Begin XCConfigurationList section */
		DD5890AD224AB9BA0027AC07 /* Build configuration list for PBXProject "CardDeckObjecC" */ = {
			isa = XCConfigurationList;
			buildConfigurations = (
				DD5890C6224AB9BC0027AC07 /* Debug */,
				DD5890C7224AB9BC0027AC07 /* Release */,
			);
			defaultConfigurationIsVisible = 0;
			defaultConfigurationName = Release;
		};
		DD5890C8224AB9BC0027AC07 /* Build configuration list for PBXNativeTarget "CardDeckObjecC" */ = {
			isa = XCConfigurationList;
			buildConfigurations = (
				DD5890C9224AB9BC0027AC07 /* Debug */,
				DD5890CA224AB9BC0027AC07 /* Release */,
			);
			defaultConfigurationIsVisible = 0;
			defaultConfigurationName = Release;
		};
/* End XCConfigurationList section */
	};
	rootObject = DD5890AA224AB9BA0027AC07 /* Project object */;
}
